// !$*UTF8*$!
{
	archiveVersion = 1;
	classes = {
	};
	objectVersion = 50;
	objects = {

/* Begin PBXBuildFile section */
		FC34D902235A43D8009B98CE /* MovieCell.swift in Sources */ = {isa = PBXBuildFile; fileRef = FC34D901235A43D8009B98CE /* MovieCell.swift */; };
		FC5C7A9E235760D900341900 /* AppDelegate.swift in Sources */ = {isa = PBXBuildFile; fileRef = FC5C7A9D235760D900341900 /* AppDelegate.swift */; };
		FC5C7AA0235760D900341900 /* SceneDelegate.swift in Sources */ = {isa = PBXBuildFile; fileRef = FC5C7A9F235760D900341900 /* SceneDelegate.swift */; };
		FC5C7AA2235760D900341900 /* ViewController.swift in Sources */ = {isa = PBXBuildFile; fileRef = FC5C7AA1235760D900341900 /* ViewController.swift */; };
		FC5C7AA5235760D900341900 /* Main.storyboard in Resources */ = {isa = PBXBuildFile; fileRef = FC5C7AA3235760D900341900 /* Main.storyboard */; };
		FC5C7AA7235760DA00341900 /* Assets.xcassets in Resources */ = {isa = PBXBuildFile; fileRef = FC5C7AA6235760DA00341900 /* Assets.xcassets */; };
		FC5C7AAA235760DA00341900 /* LaunchScreen.storyboard in Resources */ = {isa = PBXBuildFile; fileRef = FC5C7AA8235760DA00341900 /* LaunchScreen.storyboard */; };
		FC5C7AB5235760DA00341900 /* flixTests.swift in Sources */ = {isa = PBXBuildFile; fileRef = FC5C7AB4235760DA00341900 /* flixTests.swift */; };
		FC5C7AC0235760DA00341900 /* flixUITests.swift in Sources */ = {isa = PBXBuildFile; fileRef = FC5C7ABF235760DA00341900 /* flixUITests.swift */; };
		FC5C7ACE2357976200341900 /* MoviesViewController.swift in Sources */ = {isa = PBXBuildFile; fileRef = FC5C7ACD2357976200341900 /* MoviesViewController.swift */; };
/* End PBXBuildFile section */

/* Begin PBXContainerItemProxy section */
		FC5C7AB1235760DA00341900 /* PBXContainerItemProxy */ = {
			isa = PBXContainerItemProxy;
			containerPortal = FC5C7A92235760D800341900 /* Project object */;
			proxyType = 1;
			remoteGlobalIDString = FC5C7A99235760D900341900;
			remoteInfo = flix;
		};
		FC5C7ABC235760DA00341900 /* PBXContainerItemProxy */ = {
			isa = PBXContainerItemProxy;
			containerPortal = FC5C7A92235760D800341900 /* Project object */;
			proxyType = 1;
			remoteGlobalIDString = FC5C7A99235760D900341900;
			remoteInfo = flix;
		};
/* End PBXContainerItemProxy section */

/* Begin PBXFileReference section */
		FC34D901235A43D8009B98CE /* MovieCell.swift */ = {isa = PBXFileReference; lastKnownFileType = sourcecode.swift; path = MovieCell.swift; sourceTree = "<group>"; };
		FC5C7A9A235760D900341900 /* flix.app */ = {isa = PBXFileReference; explicitFileType = wrapper.application; includeInIndex = 0; path = flix.app; sourceTree = BUILT_PRODUCTS_DIR; };
		FC5C7A9D235760D900341900 /* AppDelegate.swift */ = {isa = PBXFileReference; lastKnownFileType = sourcecode.swift; path = AppDelegate.swift; sourceTree = "<group>"; };
		FC5C7A9F235760D900341900 /* SceneDelegate.swift */ = {isa = PBXFileReference; lastKnownFileType = sourcecode.swift; path = SceneDelegate.swift; sourceTree = "<group>"; };
		FC5C7AA1235760D900341900 /* ViewController.swift */ = {isa = PBXFileReference; lastKnownFileType = sourcecode.swift; path = ViewController.swift; sourceTree = "<group>"; };
		FC5C7AA4235760D900341900 /* Base */ = {isa = PBXFileReference; lastKnownFileType = file.storyboard; name = Base; path = Base.lproj/Main.storyboard; sourceTree = "<group>"; };
		FC5C7AA6235760DA00341900 /* Assets.xcassets */ = {isa = PBXFileReference; lastKnownFileType = folder.assetcatalog; path = Assets.xcassets; sourceTree = "<group>"; };
		FC5C7AA9235760DA00341900 /* Base */ = {isa = PBXFileReference; lastKnownFileType = file.storyboard; name = Base; path = Base.lproj/LaunchScreen.storyboard; sourceTree = "<group>"; };
		FC5C7AAB235760DA00341900 /* Info.plist */ = {isa = PBXFileReference; lastKnownFileType = text.plist.xml; path = Info.plist; sourceTree = "<group>"; };
		FC5C7AB0235760DA00341900 /* flixTests.xctest */ = {isa = PBXFileReference; explicitFileType = wrapper.cfbundle; includeInIndex = 0; path = flixTests.xctest; sourceTree = BUILT_PRODUCTS_DIR; };
		FC5C7AB4235760DA00341900 /* flixTests.swift */ = {isa = PBXFileReference; lastKnownFileType = sourcecode.swift; path = flixTests.swift; sourceTree = "<group>"; };
		FC5C7AB6235760DA00341900 /* Info.plist */ = {isa = PBXFileReference; lastKnownFileType = text.plist.xml; path = Info.plist; sourceTree = "<group>"; };
		FC5C7ABB235760DA00341900 /* flixUITests.xctest */ = {isa = PBXFileReference; explicitFileType = wrapper.cfbundle; includeInIndex = 0; path = flixUITests.xctest; sourceTree = BUILT_PRODUCTS_DIR; };
		FC5C7ABF235760DA00341900 /* flixUITests.swift */ = {isa = PBXFileReference; lastKnownFileType = sourcecode.swift; path = flixUITests.swift; sourceTree = "<group>"; };
		FC5C7AC1235760DA00341900 /* Info.plist */ = {isa = PBXFileReference; lastKnownFileType = text.plist.xml; path = Info.plist; sourceTree = "<group>"; };
		FC5C7ACD2357976200341900 /* MoviesViewController.swift */ = {isa = PBXFileReference; lastKnownFileType = sourcecode.swift; path = MoviesViewController.swift; sourceTree = "<group>"; };
/* End PBXFileReference section */

/* Begin PBXFrameworksBuildPhase section */
		FC5C7A97235760D900341900 /* Frameworks */ = {
			isa = PBXFrameworksBuildPhase;
			buildActionMask = 2147483647;
			files = (
			);
			runOnlyForDeploymentPostprocessing = 0;
		};
		FC5C7AAD235760DA00341900 /* Frameworks */ = {
			isa = PBXFrameworksBuildPhase;
			buildActionMask = 2147483647;
			files = (
			);
			runOnlyForDeploymentPostprocessing = 0;
		};
		FC5C7AB8235760DA00341900 /* Frameworks */ = {
			isa = PBXFrameworksBuildPhase;
			buildActionMask = 2147483647;
			files = (
			);
			runOnlyForDeploymentPostprocessing = 0;
		};
/* End PBXFrameworksBuildPhase section */

/* Begin PBXGroup section */
		FC5C7A91235760D800341900 = {
			isa = PBXGroup;
			children = (
				FC5C7A9C235760D900341900 /* flix */,
				FC5C7AB3235760DA00341900 /* flixTests */,
				FC5C7ABE235760DA00341900 /* flixUITests */,
				FC5C7A9B235760D900341900 /* Products */,
			);
			sourceTree = "<group>";
		};
		FC5C7A9B235760D900341900 /* Products */ = {
			isa = PBXGroup;
			children = (
				FC5C7A9A235760D900341900 /* flix.app */,
				FC5C7AB0235760DA00341900 /* flixTests.xctest */,
				FC5C7ABB235760DA00341900 /* flixUITests.xctest */,
			);
			name = Products;
			sourceTree = "<group>";
		};
		FC5C7A9C235760D900341900 /* flix */ = {
			isa = PBXGroup;
			children = (
				FC5C7A9D235760D900341900 /* AppDelegate.swift */,
				FC5C7A9F235760D900341900 /* SceneDelegate.swift */,
				FC5C7AA1235760D900341900 /* ViewController.swift */,
				FC5C7AA3235760D900341900 /* Main.storyboard */,
				FC34D901235A43D8009B98CE /* MovieCell.swift */,
				FC5C7ACD2357976200341900 /* MoviesViewController.swift */,
				FC5C7AA6235760DA00341900 /* Assets.xcassets */,
				FC5C7AA8235760DA00341900 /* LaunchScreen.storyboard */,
				FC5C7AAB235760DA00341900 /* Info.plist */,
			);
			path = flix;
			sourceTree = "<group>";
		};
		FC5C7AB3235760DA00341900 /* flixTests */ = {
			isa = PBXGroup;
			children = (
				FC5C7AB4235760DA00341900 /* flixTests.swift */,
				FC5C7AB6235760DA00341900 /* Info.plist */,
			);
			path = flixTests;
			sourceTree = "<group>";
		};
		FC5C7ABE235760DA00341900 /* flixUITests */ = {
			isa = PBXGroup;
			children = (
				FC5C7ABF235760DA00341900 /* flixUITests.swift */,
				FC5C7AC1235760DA00341900 /* Info.plist */,
			);
			path = flixUITests;
			sourceTree = "<group>";
		};
/* End PBXGroup section */

/* Begin PBXNativeTarget section */
		FC5C7A99235760D900341900 /* flix */ = {
			isa = PBXNativeTarget;
			buildConfigurationList = FC5C7AC4235760DA00341900 /* Build configuration list for PBXNativeTarget "flix" */;
			buildPhases = (
				FC5C7A96235760D900341900 /* Sources */,
				FC5C7A97235760D900341900 /* Frameworks */,
				FC5C7A98235760D900341900 /* Resources */,
			);
			buildRules = (
			);
			dependencies = (
			);
			name = flix;
			productName = flix;
			productReference = FC5C7A9A235760D900341900 /* flix.app */;
			productType = "com.apple.product-type.application";
		};
		FC5C7AAF235760DA00341900 /* flixTests */ = {
			isa = PBXNativeTarget;
			buildConfigurationList = FC5C7AC7235760DA00341900 /* Build configuration list for PBXNativeTarget "flixTests" */;
			buildPhases = (
				FC5C7AAC235760DA00341900 /* Sources */,
				FC5C7AAD235760DA00341900 /* Frameworks */,
				FC5C7AAE235760DA00341900 /* Resources */,
			);
			buildRules = (
			);
			dependencies = (
				FC5C7AB2235760DA00341900 /* PBXTargetDependency */,
			);
			name = flixTests;
			productName = flixTests;
			productReference = FC5C7AB0235760DA00341900 /* flixTests.xctest */;
			productType = "com.apple.product-type.bundle.unit-test";
		};
		FC5C7ABA235760DA00341900 /* flixUITests */ = {
			isa = PBXNativeTarget;
			buildConfigurationList = FC5C7ACA235760DA00341900 /* Build configuration list for PBXNativeTarget "flixUITests" */;
			buildPhases = (
				FC5C7AB7235760DA00341900 /* Sources */,
				FC5C7AB8235760DA00341900 /* Frameworks */,
				FC5C7AB9235760DA00341900 /* Resources */,
			);
			buildRules = (
			);
			dependencies = (
				FC5C7ABD235760DA00341900 /* PBXTargetDependency */,
			);
			name = flixUITests;
			productName = flixUITests;
			productReference = FC5C7ABB235760DA00341900 /* flixUITests.xctest */;
			productType = "com.apple.product-type.bundle.ui-testing";
		};
/* End PBXNativeTarget section */

/* Begin PBXProject section */
		FC5C7A92235760D800341900 /* Project object */ = {
			isa = PBXProject;
			attributes = {
				LastSwiftUpdateCheck = 1110;
				LastUpgradeCheck = 1110;
				ORGANIZATIONNAME = "Samantha Eng";
				TargetAttributes = {
					FC5C7A99235760D900341900 = {
						CreatedOnToolsVersion = 11.1;
					};
					FC5C7AAF235760DA00341900 = {
						CreatedOnToolsVersion = 11.1;
						TestTargetID = FC5C7A99235760D900341900;
					};
					FC5C7ABA235760DA00341900 = {
						CreatedOnToolsVersion = 11.1;
						TestTargetID = FC5C7A99235760D900341900;
					};
				};
			};
			buildConfigurationList = FC5C7A95235760D800341900 /* Build configuration list for PBXProject "flix" */;
			compatibilityVersion = "Xcode 9.3";
			developmentRegion = en;
			hasScannedForEncodings = 0;
			knownRegions = (
				en,
				Base,
			);
			mainGroup = FC5C7A91235760D800341900;
			productRefGroup = FC5C7A9B235760D900341900 /* Products */;
			projectDirPath = "";
			projectRoot = "";
			targets = (
				FC5C7A99235760D900341900 /* flix */,
				FC5C7AAF235760DA00341900 /* flixTests */,
				FC5C7ABA235760DA00341900 /* flixUITests */,
			);
		};
/* End PBXProject section */

/* Begin PBXResourcesBuildPhase section */
		FC5C7A98235760D900341900 /* Resources */ = {
			isa = PBXResourcesBuildPhase;
			buildActionMask = 2147483647;
			files = (
				FC5C7AAA235760DA00341900 /* LaunchScreen.storyboard in Resources */,
				FC5C7AA7235760DA00341900 /* Assets.xcassets in Resources */,
				FC5C7AA5235760D900341900 /* Main.storyboard in Resources */,
			);
			runOnlyForDeploymentPostprocessing = 0;
		};
		FC5C7AAE235760DA00341900 /* Resources */ = {
			isa = PBXResourcesBuildPhase;
			buildActionMask = 2147483647;
			files = (
			);
			runOnlyForDeploymentPostprocessing = 0;
		};
		FC5C7AB9235760DA00341900 /* Resources */ = {
			isa = PBXResourcesBuildPhase;
			buildActionMask = 2147483647;
			files = (
			);
			runOnlyForDeploymentPostprocessing = 0;
		};
/* End PBXResourcesBuildPhase section */

/* Begin PBXSourcesBuildPhase section */
		FC5C7A96235760D900341900 /* Sources */ = {
			isa = PBXSourcesBuildPhase;
			buildActionMask = 2147483647;
			files = (
				FC5C7AA2235760D900341900 /* ViewController.swift in Sources */,
				FC5C7A9E235760D900341900 /* AppDelegate.swift in Sources */,
				FC5C7AA0235760D900341900 /* SceneDelegate.swift in Sources */,
				FC34D902235A43D8009B98CE /* MovieCell.swift in Sources */,
				FC5C7ACE2357976200341900 /* MoviesViewController.swift in Sources */,
			);
			runOnlyForDeploymentPostprocessing = 0;
		};
		FC5C7AAC235760DA00341900 /* Sources */ = {
			isa = PBXSourcesBuildPhase;
			buildActionMask = 2147483647;
			files = (
				FC5C7AB5235760DA00341900 /* flixTests.swift in Sources */,
			);
			runOnlyForDeploymentPostprocessing = 0;
		};
		FC5C7AB7235760DA00341900 /* Sources */ = {
			isa = PBXSourcesBuildPhase;
			buildActionMask = 2147483647;
			files = (
				FC5C7AC0235760DA00341900 /* flixUITests.swift in Sources */,
			);
			runOnlyForDeploymentPostprocessing = 0;
		};
/* End PBXSourcesBuildPhase section */

/* Begin PBXTargetDependency section */
		FC5C7AB2235760DA00341900 /* PBXTargetDependency */ = {
			isa = PBXTargetDependency;
			target = FC5C7A99235760D900341900 /* flix */;
			targetProxy = FC5C7AB1235760DA00341900 /* PBXContainerItemProxy */;
		};
		FC5C7ABD235760DA00341900 /* PBXTargetDependency */ = {
			isa = PBXTargetDependency;
			target = FC5C7A99235760D900341900 /* flix */;
			targetProxy = FC5C7ABC235760DA00341900 /* PBXContainerItemProxy */;
		};
/* End PBXTargetDependency section */

/* Begin PBXVariantGroup section */
		FC5C7AA3235760D900341900 /* Main.storyboard */ = {
			isa = PBXVariantGroup;
			children = (
				FC5C7AA4235760D900341900 /* Base */,
			);
			name = Main.storyboard;
			sourceTree = "<group>";
		};
		FC5C7AA8235760DA00341900 /* LaunchScreen.storyboard */ = {
			isa = PBXVariantGroup;
			children = (
				FC5C7AA9235760DA00341900 /* Base */,
			);
			name = LaunchScreen.storyboard;
			sourceTree = "<group>";
		};
/* End PBXVariantGroup section */

/* Begin XCBuildConfiguration section */
		FC5C7AC2235760DA00341900 /* Debug */ = {
			isa = XCBuildConfiguration;
			buildSettings = {
				ALWAYS_SEARCH_USER_PATHS = NO;
				CLANG_ANALYZER_NONNULL = YES;
				CLANG_ANALYZER_NUMBER_OBJECT_CONVERSION = YES_AGGRESSIVE;
				CLANG_CXX_LANGUAGE_STANDARD = "gnu++14";
				CLANG_CXX_LIBRARY = "libc++";
				CLANG_ENABLE_MODULES = YES;
				CLANG_ENABLE_OBJC_ARC = YES;
				CLANG_ENABLE_OBJC_WEAK = YES;
				CLANG_WARN_BLOCK_CAPTURE_AUTORELEASING = YES;
				CLANG_WARN_BOOL_CONVERSION = YES;
				CLANG_WARN_COMMA = YES;
				CLANG_WARN_CONSTANT_CONVERSION = YES;
				CLANG_WARN_DEPRECATED_OBJC_IMPLEMENTATIONS = YES;
				CLANG_WARN_DIRECT_OBJC_ISA_USAGE = YES_ERROR;
				CLANG_WARN_DOCUMENTATION_COMMENTS = YES;
				CLANG_WARN_EMPTY_BODY = YES;
				CLANG_WARN_ENUM_CONVERSION = YES;
				CLANG_WARN_INFINITE_RECURSION = YES;
				CLANG_WARN_INT_CONVERSION = YES;
				CLANG_WARN_NON_LITERAL_NULL_CONVERSION = YES;
				CLANG_WARN_OBJC_IMPLICIT_RETAIN_SELF = YES;
				CLANG_WARN_OBJC_LITERAL_CONVERSION = YES;
				CLANG_WARN_OBJC_ROOT_CLASS = YES_ERROR;
				CLANG_WARN_RANGE_LOOP_ANALYSIS = YES;
				CLANG_WARN_STRICT_PROTOTYPES = YES;
				CLANG_WARN_SUSPICIOUS_MOVE = YES;
				CLANG_WARN_UNGUARDED_AVAILABILITY = YES_AGGRESSIVE;
				CLANG_WARN_UNREACHABLE_CODE = YES;
				CLANG_WARN__DUPLICATE_METHOD_MATCH = YES;
				COPY_PHASE_STRIP = NO;
				DEBUG_INFORMATION_FORMAT = dwarf;
				ENABLE_STRICT_OBJC_MSGSEND = YES;
				ENABLE_TESTABILITY = YES;
				GCC_C_LANGUAGE_STANDARD = gnu11;
				GCC_DYNAMIC_NO_PIC = NO;
				GCC_NO_COMMON_BLOCKS = YES;
				GCC_OPTIMIZATION_LEVEL = 0;
				GCC_PREPROCESSOR_DEFINITIONS = (
					"DEBUG=1",
					"$(inherited)",
				);
				GCC_WARN_64_TO_32_BIT_CONVERSION = YES;
				GCC_WARN_ABOUT_RETURN_TYPE = YES_ERROR;
				GCC_WARN_UNDECLARED_SELECTOR = YES;
				GCC_WARN_UNINITIALIZED_AUTOS = YES_AGGRESSIVE;
				GCC_WARN_UNUSED_FUNCTION = YES;
				GCC_WARN_UNUSED_VARIABLE = YES;
				IPHONEOS_DEPLOYMENT_TARGET = 13.1;
				MTL_ENABLE_DEBUG_INFO = INCLUDE_SOURCE;
				MTL_FAST_MATH = YES;
				ONLY_ACTIVE_ARCH = YES;
				SDKROOT = iphoneos;
				SWIFT_ACTIVE_COMPILATION_CONDITIONS = DEBUG;
				SWIFT_OPTIMIZATION_LEVEL = "-Onone";
			};
			name = Debug;
		};
		FC5C7AC3235760DA00341900 /* Release */ = {
			isa = XCBuildConfiguration;
			buildSettings = {
				ALWAYS_SEARCH_USER_PATHS = NO;
				CLANG_ANALYZER_NONNULL = YES;
				CLANG_ANALYZER_NUMBER_OBJECT_CONVERSION = YES_AGGRESSIVE;
				CLANG_CXX_LANGUAGE_STANDARD = "gnu++14";
				CLANG_CXX_LIBRARY = "libc++";
				CLANG_ENABLE_MODULES = YES;
				CLANG_ENABLE_OBJC_ARC = YES;
				CLANG_ENABLE_OBJC_WEAK = YES;
				CLANG_WARN_BLOCK_CAPTURE_AUTORELEASING = YES;
				CLANG_WARN_BOOL_CONVERSION = YES;
				CLANG_WARN_COMMA = YES;
				CLANG_WARN_CONSTANT_CONVERSION = YES;
				CLANG_WARN_DEPRECATED_OBJC_IMPLEMENTATIONS = YES;
				CLANG_WARN_DIRECT_OBJC_ISA_USAGE = YES_ERROR;
				CLANG_WARN_DOCUMENTATION_COMMENTS = YES;
				CLANG_WARN_EMPTY_BODY = YES;
				CLANG_WARN_ENUM_CONVERSION = YES;
				CLANG_WARN_INFINITE_RECURSION = YES;
				CLANG_WARN_INT_CONVERSION = YES;
				CLANG_WARN_NON_LITERAL_NULL_CONVERSION = YES;
				CLANG_WARN_OBJC_IMPLICIT_RETAIN_SELF = YES;
				CLANG_WARN_OBJC_LITERAL_CONVERSION = YES;
				CLANG_WARN_OBJC_ROOT_CLASS = YES_ERROR;
				CLANG_WARN_RANGE_LOOP_ANALYSIS = YES;
				CLANG_WARN_STRICT_PROTOTYPES = YES;
				CLANG_WARN_SUSPICIOUS_MOVE = YES;
				CLANG_WARN_UNGUARDED_AVAILABILITY = YES_AGGRESSIVE;
				CLANG_WARN_UNREACHABLE_CODE = YES;
				CLANG_WARN__DUPLICATE_METHOD_MATCH = YES;
				COPY_PHASE_STRIP = NO;
				DEBUG_INFORMATION_FORMAT = "dwarf-with-dsym";
				ENABLE_NS_ASSERTIONS = NO;
				ENABLE_STRICT_OBJC_MSGSEND = YES;
				GCC_C_LANGUAGE_STANDARD = gnu11;
				GCC_NO_COMMON_BLOCKS = YES;
				GCC_WARN_64_TO_32_BIT_CONVERSION = YES;
				GCC_WARN_ABOUT_RETURN_TYPE = YES_ERROR;
				GCC_WARN_UNDECLARED_SELECTOR = YES;
				GCC_WARN_UNINITIALIZED_AUTOS = YES_AGGRESSIVE;
				GCC_WARN_UNUSED_FUNCTION = YES;
				GCC_WARN_UNUSED_VARIABLE = YES;
				IPHONEOS_DEPLOYMENT_TARGET = 13.1;
				MTL_ENABLE_DEBUG_INFO = NO;
				MTL_FAST_MATH = YES;
				SDKROOT = iphoneos;
				SWIFT_COMPILATION_MODE = wholemodule;
				SWIFT_OPTIMIZATION_LEVEL = "-O";
				VALIDATE_PRODUCT = YES;
			};
			name = Release;
		};
		FC5C7AC5235760DA00341900 /* Debug */ = {
			isa = XCBuildConfiguration;
			buildSettings = {
				ASSETCATALOG_COMPILER_APPICON_NAME = AppIcon;
				CODE_SIGN_STYLE = Automatic;
				INFOPLIST_FILE = flix/Info.plist;
				LD_RUNPATH_SEARCH_PATHS = (
					"$(inherited)",
					"@executable_path/Frameworks",
				);
				PRODUCT_BUNDLE_IDENTIFIER = com.sam.flix;
				PRODUCT_NAME = "$(TARGET_NAME)";
				SWIFT_VERSION = 5.0;
				TARGETED_DEVICE_FAMILY = "1,2";
			};
			name = Debug;
		};
		FC5C7AC6235760DA00341900 /* Release */ = {
			isa = XCBuildConfiguration;
			buildSettings = {
				ASSETCATALOG_COMPILER_APPICON_NAME = AppIcon;
				CODE_SIGN_STYLE = Automatic;
				INFOPLIST_FILE = flix/Info.plist;
				LD_RUNPATH_SEARCH_PATHS = (
					"$(inherited)",
					"@executable_path/Frameworks",
				);
				PRODUCT_BUNDLE_IDENTIFIER = com.sam.flix;
				PRODUCT_NAME = "$(TARGET_NAME)";
				SWIFT_VERSION = 5.0;
				TARGETED_DEVICE_FAMILY = "1,2";
			};
			name = Release;
		};
		FC5C7AC8235760DA00341900 /* Debug */ = {
			isa = XCBuildConfiguration;
			buildSettings = {
				ALWAYS_EMBED_SWIFT_STANDARD_LIBRARIES = YES;
				BUNDLE_LOADER = "$(TEST_HOST)";
				CODE_SIGN_STYLE = Automatic;
				INFOPLIST_FILE = flixTests/Info.plist;
				IPHONEOS_DEPLOYMENT_TARGET = 13.1;
				LD_RUNPATH_SEARCH_PATHS = (
					"$(inherited)",
					"@executable_path/Frameworks",
					"@loader_path/Frameworks",
				);
				PRODUCT_BUNDLE_IDENTIFIER = com.sam.flixTests;
				PRODUCT_NAME = "$(TARGET_NAME)";
				SWIFT_VERSION = 5.0;
				TARGETED_DEVICE_FAMILY = "1,2";
				TEST_HOST = "$(BUILT_PRODUCTS_DIR)/flix.app/flix";
			};
			name = Debug;
		};
		FC5C7AC9235760DA00341900 /* Release */ = {
			isa = XCBuildConfiguration;
			buildSettings = {
				ALWAYS_EMBED_SWIFT_STANDARD_LIBRARIES = YES;
				BUNDLE_LOADER = "$(TEST_HOST)";
				CODE_SIGN_STYLE = Automatic;
				INFOPLIST_FILE = flixTests/Info.plist;
				IPHONEOS_DEPLOYMENT_TARGET = 13.1;
				LD_RUNPATH_SEARCH_PATHS = (
					"$(inherited)",
					"@executable_path/Frameworks",
					"@loader_path/Frameworks",
				);
				PRODUCT_BUNDLE_IDENTIFIER = com.sam.flixTests;
				PRODUCT_NAME = "$(TARGET_NAME)";
				SWIFT_VERSION = 5.0;
				TARGETED_DEVICE_FAMILY = "1,2";
				TEST_HOST = "$(BUILT_PRODUCTS_DIR)/flix.app/flix";
			};
			name = Release;
		};
		FC5C7ACB235760DA00341900 /* Debug */ = {
			isa = XCBuildConfiguration;
			buildSettings = {
				ALWAYS_EMBED_SWIFT_STANDARD_LIBRARIES = YES;
				CODE_SIGN_STYLE = Automatic;
				INFOPLIST_FILE = flixUITests/Info.plist;
				LD_RUNPATH_SEARCH_PATHS = (
					"$(inherited)",
					"@executable_path/Frameworks",
					"@loader_path/Frameworks",
				);
				PRODUCT_BUNDLE_IDENTIFIER = com.sam.flixUITests;
				PRODUCT_NAME = "$(TARGET_NAME)";
				SWIFT_VERSION = 5.0;
				TARGETED_DEVICE_FAMILY = "1,2";
				TEST_TARGET_NAME = flix;
			};
			name = Debug;
		};
		FC5C7ACC235760DA00341900 /* Release */ = {
			isa = XCBuildConfiguration;
			buildSettings = {
				ALWAYS_EMBED_SWIFT_STANDARD_LIBRARIES = YES;
				CODE_SIGN_STYLE = Automatic;
				INFOPLIST_FILE = flixUITests/Info.plist;
				LD_RUNPATH_SEARCH_PATHS = (
					"$(inherited)",
					"@executable_path/Frameworks",
					"@loader_path/Frameworks",
				);
				PRODUCT_BUNDLE_IDENTIFIER = com.sam.flixUITests;
				PRODUCT_NAME = "$(TARGET_NAME)";
				SWIFT_VERSION = 5.0;
				TARGETED_DEVICE_FAMILY = "1,2";
				TEST_TARGET_NAME = flix;
			};
			name = Release;
		};
/* End XCBuildConfiguration section */

/* Begin XCConfigurationList section */
		FC5C7A95235760D800341900 /* Build configuration list for PBXProject "flix" */ = {
			isa = XCConfigurationList;
			buildConfigurations = (
				FC5C7AC2235760DA00341900 /* Debug */,
				FC5C7AC3235760DA00341900 /* Release */,
			);
			defaultConfigurationIsVisible = 0;
			defaultConfigurationName = Release;
		};
		FC5C7AC4235760DA00341900 /* Build configuration list for PBXNativeTarget "flix" */ = {
			isa = XCConfigurationList;
			buildConfigurations = (
				FC5C7AC5235760DA00341900 /* Debug */,
				FC5C7AC6235760DA00341900 /* Release */,
			);
			defaultConfigurationIsVisible = 0;
			defaultConfigurationName = Release;
		};
		FC5C7AC7235760DA00341900 /* Build configuration list for PBXNativeTarget "flixTests" */ = {
			isa = XCConfigurationList;
			buildConfigurations = (
				FC5C7AC8235760DA00341900 /* Debug */,
				FC5C7AC9235760DA00341900 /* Release */,
			);
			defaultConfigurationIsVisible = 0;
			defaultConfigurationName = Release;
		};
		FC5C7ACA235760DA00341900 /* Build configuration list for PBXNativeTarget "flixUITests" */ = {
			isa = XCConfigurationList;
			buildConfigurations = (
				FC5C7ACB235760DA00341900 /* Debug */,
				FC5C7ACC235760DA00341900 /* Release */,
			);
			defaultConfigurationIsVisible = 0;
			defaultConfigurationName = Release;
		};
/* End XCConfigurationList section */
	};
	rootObject = FC5C7A92235760D800341900 /* Project object */;
}
